
Microsoft Visual Studio Solution File, Format Version 12.00
# Visual Studio Version 17
VisualStudioVersion = 17.11.35312.102
MinimumVisualStudioVersion = 10.0.40219.1
Project("{FAE04EC0-301F-11D3-BF4B-00C04F79EFBC}") = "apiCaptar", "apiCaptar\apiCaptar.csproj", "{6273C6DF-C789-4656-BEFF-A80C52AFAFB5}"
EndProject
Global
	GlobalSection(SolutionConfigurationPlatforms) = preSolution
		Debug|Any CPU = Debug|Any CPU
		Release|Any CPU = Release|Any CPU
	EndGlobalSection
	GlobalSection(ProjectConfigurationPlatforms) = postSolution
		{6273C6DF-C789-4656-BEFF-A80C52AFAFB5}.Debug|Any CPU.ActiveCfg = Debug|Any CPU
		{6273C6DF-C789-4656-BEFF-A80C52AFAFB5}.Debug|Any CPU.Build.0 = Debug|Any CPU
		{6273C6DF-C789-4656-BEFF-A80C52AFAFB5}.Release|Any CPU.ActiveCfg = Release|Any CPU
		{6273C6DF-C789-4656-BEFF-A80C52AFAFB5}.Release|Any CPU.Build.0 = Release|Any CPU
	EndGlobalSection
	GlobalSection(SolutionProperties) = preSolution
		HideSolutionNode = FALSE
	EndGlobalSection
	GlobalSection(ExtensibilityGlobals) = postSolution
		SolutionGuid = {65964338-E02A-4140-A9EE-F1DF022C7D32}
	EndGlobalSection
EndGlobal
